
Microsoft Visual Studio Solution File, Format Version 12.00
# Visual Studio Version 17
VisualStudioVersion = 17.12.35514.174
MinimumVisualStudioVersion = 10.0.40219.1
Project("{FAE04EC0-301F-11D3-BF4B-00C04F79EFBC}") = "AspMvcWelcomeApp", "AspMvcWelcomeApp\AspMvcWelcomeApp.csproj", "{1E49B63B-8BBF-4F1D-9A7A-24E9431F992F}"
EndProject
Project("{FAE04EC0-301F-11D3-BF4B-00C04F79EFBC}") = "AspCoreToMvcApp", "..\AspCoreToMvcApp\AspCoreToMvcApp\AspCoreToMvcApp.csproj", "{A61DB655-1CAD-49B8-B42F-053ED785F194}"
EndProject
Project("{FAE04EC0-301F-11D3-BF4B-00C04F79EFBC}") = "AspViewsApp", "AspViewsApp\AspViewsApp.csproj", "{89141B1A-950B-4D86-843D-487DF8B0351C}"
EndProject
Project("{FAE04EC0-301F-11D3-BF4B-00C04F79EFBC}") = "AspMvcRoutingApp", "AspMvcRoutingApp\AspMvcRoutingApp.csproj", "{29461A02-A579-4B26-8424-F3DE2A9FFEE2}"
EndProject
Project("{FAE04EC0-301F-11D3-BF4B-00C04F79EFBC}") = "AspMvcModelsApp", "AspMvcModelsApp\AspMvcModelsApp.csproj", "{99F90B82-806F-4579-AB82-6A1299101B7A}"
EndProject
Global
	GlobalSection(SolutionConfigurationPlatforms) = preSolution
		Debug|Any CPU = Debug|Any CPU
		Release|Any CPU = Release|Any CPU
	EndGlobalSection
	GlobalSection(ProjectConfigurationPlatforms) = postSolution
		{1E49B63B-8BBF-4F1D-9A7A-24E9431F992F}.Debug|Any CPU.ActiveCfg = Debug|Any CPU
		{1E49B63B-8BBF-4F1D-9A7A-24E9431F992F}.Debug|Any CPU.Build.0 = Debug|Any CPU
		{1E49B63B-8BBF-4F1D-9A7A-24E9431F992F}.Release|Any CPU.ActiveCfg = Release|Any CPU
		{1E49B63B-8BBF-4F1D-9A7A-24E9431F992F}.Release|Any CPU.Build.0 = Release|Any CPU
		{A61DB655-1CAD-49B8-B42F-053ED785F194}.Debug|Any CPU.ActiveCfg = Debug|Any CPU
		{A61DB655-1CAD-49B8-B42F-053ED785F194}.Debug|Any CPU.Build.0 = Debug|Any CPU
		{A61DB655-1CAD-49B8-B42F-053ED785F194}.Release|Any CPU.ActiveCfg = Release|Any CPU
		{A61DB655-1CAD-49B8-B42F-053ED785F194}.Release|Any CPU.Build.0 = Release|Any CPU
		{89141B1A-950B-4D86-843D-487DF8B0351C}.Debug|Any CPU.ActiveCfg = Debug|Any CPU
		{89141B1A-950B-4D86-843D-487DF8B0351C}.Debug|Any CPU.Build.0 = Debug|Any CPU
		{89141B1A-950B-4D86-843D-487DF8B0351C}.Release|Any CPU.ActiveCfg = Release|Any CPU
		{89141B1A-950B-4D86-843D-487DF8B0351C}.Release|Any CPU.Build.0 = Release|Any CPU
		{29461A02-A579-4B26-8424-F3DE2A9FFEE2}.Debug|Any CPU.ActiveCfg = Debug|Any CPU
		{29461A02-A579-4B26-8424-F3DE2A9FFEE2}.Debug|Any CPU.Build.0 = Debug|Any CPU
		{29461A02-A579-4B26-8424-F3DE2A9FFEE2}.Release|Any CPU.ActiveCfg = Release|Any CPU
		{29461A02-A579-4B26-8424-F3DE2A9FFEE2}.Release|Any CPU.Build.0 = Release|Any CPU
		{99F90B82-806F-4579-AB82-6A1299101B7A}.Debug|Any CPU.ActiveCfg = Debug|Any CPU
		{99F90B82-806F-4579-AB82-6A1299101B7A}.Debug|Any CPU.Build.0 = Debug|Any CPU
		{99F90B82-806F-4579-AB82-6A1299101B7A}.Release|Any CPU.ActiveCfg = Release|Any CPU
		{99F90B82-806F-4579-AB82-6A1299101B7A}.Release|Any CPU.Build.0 = Release|Any CPU
	EndGlobalSection
	GlobalSection(SolutionProperties) = preSolution
		HideSolutionNode = FALSE
	EndGlobalSection
EndGlobal
